
Microsoft Visual Studio Solution File, Format Version 12.00
# Visual Studio 15
VisualStudioVersion = 15.0.26430.16
MinimumVisualStudioVersion = 10.0.40219.1
Project("{FAE04EC0-301F-11D3-BF4B-00C04F79EFBC}") = "TicTacToe", "TicTacToe\TicTacToe.csproj", "{158DC553-72CB-4635-B747-C649FEEFE89A}"
EndProject
Project("{FAE04EC0-301F-11D3-BF4B-00C04F79EFBC}") = "Tests", "Tests\Tests.csproj", "{1BA2F92A-9569-4A15-9248-A8A4F1655321}"
EndProject
Global
	GlobalSection(SolutionConfigurationPlatforms) = preSolution
		Debug|Any CPU = Debug|Any CPU
		Release|Any CPU = Release|Any CPU
	EndGlobalSection
	GlobalSection(ProjectConfigurationPlatforms) = postSolution
		{158DC553-72CB-4635-B747-C649FEEFE89A}.Debug|Any CPU.ActiveCfg = Debug|Any CPU
		{158DC553-72CB-4635-B747-C649FEEFE89A}.Debug|Any CPU.Build.0 = Debug|Any CPU
		{158DC553-72CB-4635-B747-C649FEEFE89A}.Release|Any CPU.ActiveCfg = Release|Any CPU
		{158DC553-72CB-4635-B747-C649FEEFE89A}.Release|Any CPU.Build.0 = Release|Any CPU
		{1BA2F92A-9569-4A15-9248-A8A4F1655321}.Debug|Any CPU.ActiveCfg = Debug|Any CPU
		{1BA2F92A-9569-4A15-9248-A8A4F1655321}.Debug|Any CPU.Build.0 = Debug|Any CPU
		{1BA2F92A-9569-4A15-9248-A8A4F1655321}.Release|Any CPU.ActiveCfg = Release|Any CPU
		{1BA2F92A-9569-4A15-9248-A8A4F1655321}.Release|Any CPU.Build.0 = Release|Any CPU
	EndGlobalSection
	GlobalSection(SolutionProperties) = preSolution
		HideSolutionNode = FALSE
	EndGlobalSection
EndGlobal
